
Microsoft Visual Studio Solution File, Format Version 12.00
# Visual Studio Version 17
VisualStudioVersion = 17.9.34728.123
MinimumVisualStudioVersion = 10.0.40219.1
Project("{FAE04EC0-301F-11D3-BF4B-00C04F79EFBC}") = "TeqRestaurant", "TeqRestaurant.csproj", "{77C4AB33-2E66-4BD8-8BB3-BEEDE9054F78}"
EndProject
Global
	GlobalSection(SolutionConfigurationPlatforms) = preSolution
		Debug|Any CPU = Debug|Any CPU
		Release|Any CPU = Release|Any CPU
	EndGlobalSection
	GlobalSection(ProjectConfigurationPlatforms) = postSolution
		{77C4AB33-2E66-4BD8-8BB3-BEEDE9054F78}.Debug|Any CPU.ActiveCfg = Debug|Any CPU
		{77C4AB33-2E66-4BD8-8BB3-BEEDE9054F78}.Debug|Any CPU.Build.0 = Debug|Any CPU
		{77C4AB33-2E66-4BD8-8BB3-BEEDE9054F78}.Release|Any CPU.ActiveCfg = Release|Any CPU
		{77C4AB33-2E66-4BD8-8BB3-BEEDE9054F78}.Release|Any CPU.Build.0 = Release|Any CPU
	EndGlobalSection
	GlobalSection(SolutionProperties) = preSolution
		HideSolutionNode = FALSE
	EndGlobalSection
	GlobalSection(ExtensibilityGlobals) = postSolution
		SolutionGuid = {E7EB4EFB-E8E8-44EB-981E-C0E3ACBEC662}
	EndGlobalSection
EndGlobal
